
Microsoft Visual Studio Solution File, Format Version 12.00
# Visual Studio Version 17
VisualStudioVersion = 17.1.32210.238
MinimumVisualStudioVersion = 10.0.40219.1
Project("{FAE04EC0-301F-11D3-BF4B-00C04F79EFBC}") = "Curierat", "CURIERAT\Curierat.csproj", "{48C57A24-DAA5-45A6-BEF1-CF017A2E3084}"
EndProject
Global
	GlobalSection(SolutionConfigurationPlatforms) = preSolution
		Debug|Any CPU = Debug|Any CPU
		Release|Any CPU = Release|Any CPU
	EndGlobalSection
	GlobalSection(ProjectConfigurationPlatforms) = postSolution
		{48C57A24-DAA5-45A6-BEF1-CF017A2E3084}.Debug|Any CPU.ActiveCfg = Debug|Any CPU
		{48C57A24-DAA5-45A6-BEF1-CF017A2E3084}.Debug|Any CPU.Build.0 = Debug|Any CPU
		{48C57A24-DAA5-45A6-BEF1-CF017A2E3084}.Release|Any CPU.ActiveCfg = Release|Any CPU
		{48C57A24-DAA5-45A6-BEF1-CF017A2E3084}.Release|Any CPU.Build.0 = Release|Any CPU
	EndGlobalSection
	GlobalSection(SolutionProperties) = preSolution
		HideSolutionNode = FALSE
	EndGlobalSection
	GlobalSection(ExtensibilityGlobals) = postSolution
		SolutionGuid = {B14F1FB2-52E3-4CBB-83D5-A0E12A29F998}
	EndGlobalSection
EndGlobal
